
Microsoft Visual Studio Solution File, Format Version 12.00
# Visual Studio Version 17
VisualStudioVersion = 17.1.32319.34
MinimumVisualStudioVersion = 10.0.40219.1
Project("{FAE04EC0-301F-11D3-BF4B-00C04F79EFBC}") = "VigenereCipher", "ConsoleApp2\VigenereCipher.csproj", "{34C359C6-97E7-45C6-837D-A4C68150557A}"
EndProject
Global
	GlobalSection(SolutionConfigurationPlatforms) = preSolution
		Debug|Any CPU = Debug|Any CPU
		Release|Any CPU = Release|Any CPU
	EndGlobalSection
	GlobalSection(ProjectConfigurationPlatforms) = postSolution
		{34C359C6-97E7-45C6-837D-A4C68150557A}.Debug|Any CPU.ActiveCfg = Debug|Any CPU
		{34C359C6-97E7-45C6-837D-A4C68150557A}.Debug|Any CPU.Build.0 = Debug|Any CPU
		{34C359C6-97E7-45C6-837D-A4C68150557A}.Release|Any CPU.ActiveCfg = Release|Any CPU
		{34C359C6-97E7-45C6-837D-A4C68150557A}.Release|Any CPU.Build.0 = Release|Any CPU
	EndGlobalSection
	GlobalSection(SolutionProperties) = preSolution
		HideSolutionNode = FALSE
	EndGlobalSection
	GlobalSection(ExtensibilityGlobals) = postSolution
		SolutionGuid = {B7E3E987-6241-4EC0-8EE5-C4BB5FAE2ED8}
	EndGlobalSection
EndGlobal
